
Microsoft Visual Studio Solution File, Format Version 12.00
# Visual Studio Version 17
VisualStudioVersion = 17.7.34031.279
MinimumVisualStudioVersion = 10.0.40219.1
Project("{9A19103F-16F7-4668-BE54-9A1E7A4F7556}") = "Database", "Database\Database.csproj", "{84104399-A5D3-4FA8-B2CB-EA8851FA14E4}"
EndProject
Project("{FAE04EC0-301F-11D3-BF4B-00C04F79EFBC}") = "Database-Test", "Database-Test\Database-Test.csproj", "{013A166E-CD08-420E-A698-813027832649}"
EndProject
Global
	GlobalSection(SolutionConfigurationPlatforms) = preSolution
		Debug|Any CPU = Debug|Any CPU
		Release|Any CPU = Release|Any CPU
	EndGlobalSection
	GlobalSection(ProjectConfigurationPlatforms) = postSolution
		{84104399-A5D3-4FA8-B2CB-EA8851FA14E4}.Debug|Any CPU.ActiveCfg = Debug|Any CPU
		{84104399-A5D3-4FA8-B2CB-EA8851FA14E4}.Debug|Any CPU.Build.0 = Debug|Any CPU
		{84104399-A5D3-4FA8-B2CB-EA8851FA14E4}.Release|Any CPU.ActiveCfg = Release|Any CPU
		{84104399-A5D3-4FA8-B2CB-EA8851FA14E4}.Release|Any CPU.Build.0 = Release|Any CPU
		{013A166E-CD08-420E-A698-813027832649}.Debug|Any CPU.ActiveCfg = Debug|Any CPU
		{013A166E-CD08-420E-A698-813027832649}.Debug|Any CPU.Build.0 = Debug|Any CPU
		{013A166E-CD08-420E-A698-813027832649}.Release|Any CPU.ActiveCfg = Release|Any CPU
		{013A166E-CD08-420E-A698-813027832649}.Release|Any CPU.Build.0 = Release|Any CPU
	EndGlobalSection
	GlobalSection(SolutionProperties) = preSolution
		HideSolutionNode = FALSE
	EndGlobalSection
	GlobalSection(ExtensibilityGlobals) = postSolution
		SolutionGuid = {30E66B82-2B0E-4296-9DB1-351B8A1BED46}
	EndGlobalSection
EndGlobal
